
Microsoft Visual Studio Solution File, Format Version 12.00
# Visual Studio Version 16
VisualStudioVersion = 16.0.31410.357
MinimumVisualStudioVersion = 10.0.40219.1
Project("{FAE04EC0-301F-11D3-BF4B-00C04F79EFBC}") = "GameApplication", "GameApplication.csproj", "{D600FE01-862F-4508-8BAF-CC8ECD65E5C4}"
EndProject
Project("{FAE04EC0-301F-11D3-BF4B-00C04F79EFBC}") = "BasicLevelLib", "BasicLevelLib\BasicLevelLib.csproj", "{2E81A6D7-E765-4FC2-844E-8762DFFEDAAA}"
EndProject
Project("{FAE04EC0-301F-11D3-BF4B-00C04F79EFBC}") = "IntermediateLevelLib", "IntermediateLevelLib\IntermediateLevelLib.csproj", "{3F0BB618-050A-4D40-8623-B2F85380DA4A}"
EndProject
Project("{FAE04EC0-301F-11D3-BF4B-00C04F79EFBC}") = "AdvanceLevelLib", "AdvanceLevelLib\AdvanceLevelLib.csproj", "{2792E334-23A0-4E92-85B2-C76B128BCA6A}"
EndProject
Global
	GlobalSection(SolutionConfigurationPlatforms) = preSolution
		Debug|Any CPU = Debug|Any CPU
		Release|Any CPU = Release|Any CPU
	EndGlobalSection
	GlobalSection(ProjectConfigurationPlatforms) = postSolution
		{D600FE01-862F-4508-8BAF-CC8ECD65E5C4}.Debug|Any CPU.ActiveCfg = Debug|Any CPU
		{D600FE01-862F-4508-8BAF-CC8ECD65E5C4}.Debug|Any CPU.Build.0 = Debug|Any CPU
		{D600FE01-862F-4508-8BAF-CC8ECD65E5C4}.Release|Any CPU.ActiveCfg = Release|Any CPU
		{D600FE01-862F-4508-8BAF-CC8ECD65E5C4}.Release|Any CPU.Build.0 = Release|Any CPU
		{2E81A6D7-E765-4FC2-844E-8762DFFEDAAA}.Debug|Any CPU.ActiveCfg = Debug|Any CPU
		{2E81A6D7-E765-4FC2-844E-8762DFFEDAAA}.Debug|Any CPU.Build.0 = Debug|Any CPU
		{2E81A6D7-E765-4FC2-844E-8762DFFEDAAA}.Release|Any CPU.ActiveCfg = Release|Any CPU
		{2E81A6D7-E765-4FC2-844E-8762DFFEDAAA}.Release|Any CPU.Build.0 = Release|Any CPU
		{3F0BB618-050A-4D40-8623-B2F85380DA4A}.Debug|Any CPU.ActiveCfg = Debug|Any CPU
		{3F0BB618-050A-4D40-8623-B2F85380DA4A}.Debug|Any CPU.Build.0 = Debug|Any CPU
		{3F0BB618-050A-4D40-8623-B2F85380DA4A}.Release|Any CPU.ActiveCfg = Release|Any CPU
		{3F0BB618-050A-4D40-8623-B2F85380DA4A}.Release|Any CPU.Build.0 = Release|Any CPU
		{2792E334-23A0-4E92-85B2-C76B128BCA6A}.Debug|Any CPU.ActiveCfg = Debug|Any CPU
		{2792E334-23A0-4E92-85B2-C76B128BCA6A}.Debug|Any CPU.Build.0 = Debug|Any CPU
		{2792E334-23A0-4E92-85B2-C76B128BCA6A}.Release|Any CPU.ActiveCfg = Release|Any CPU
		{2792E334-23A0-4E92-85B2-C76B128BCA6A}.Release|Any CPU.Build.0 = Release|Any CPU
	EndGlobalSection
	GlobalSection(SolutionProperties) = preSolution
		HideSolutionNode = FALSE
	EndGlobalSection
	GlobalSection(ExtensibilityGlobals) = postSolution
		SolutionGuid = {D16691C5-D253-43D3-B0C5-46CB1B37AAB1}
	EndGlobalSection
EndGlobal
